
Microsoft Visual Studio Solution File, Format Version 12.00
# Visual Studio Version 17
VisualStudioVersion = 17.7.33920.267
MinimumVisualStudioVersion = 10.0.40219.1
Project("{FAE04EC0-301F-11D3-BF4B-00C04F79EFBC}") = "WpfAppListViewControlsMVVMProject5", "WpfAppListViewControlsMVVMProject5.csproj", "{26EA93EA-332A-4DC6-96A3-F375D71988E9}"
EndProject
Project("{FAE04EC0-301F-11D3-BF4B-00C04F79EFBC}") = "ListBoxUnitTestProject5", "..\ListBoxUnitTestProject5\ListBoxUnitTestProject5.csproj", "{B652559D-D7A4-409E-BB11-77752A50973E}"
EndProject
Global
	GlobalSection(SolutionConfigurationPlatforms) = preSolution
		Debug|Any CPU = Debug|Any CPU
		Release|Any CPU = Release|Any CPU
	EndGlobalSection
	GlobalSection(ProjectConfigurationPlatforms) = postSolution
		{26EA93EA-332A-4DC6-96A3-F375D71988E9}.Debug|Any CPU.ActiveCfg = Debug|Any CPU
		{26EA93EA-332A-4DC6-96A3-F375D71988E9}.Debug|Any CPU.Build.0 = Debug|Any CPU
		{26EA93EA-332A-4DC6-96A3-F375D71988E9}.Release|Any CPU.ActiveCfg = Release|Any CPU
		{26EA93EA-332A-4DC6-96A3-F375D71988E9}.Release|Any CPU.Build.0 = Release|Any CPU
		{B652559D-D7A4-409E-BB11-77752A50973E}.Debug|Any CPU.ActiveCfg = Debug|Any CPU
		{B652559D-D7A4-409E-BB11-77752A50973E}.Debug|Any CPU.Build.0 = Debug|Any CPU
		{B652559D-D7A4-409E-BB11-77752A50973E}.Release|Any CPU.ActiveCfg = Release|Any CPU
		{B652559D-D7A4-409E-BB11-77752A50973E}.Release|Any CPU.Build.0 = Release|Any CPU
	EndGlobalSection
	GlobalSection(SolutionProperties) = preSolution
		HideSolutionNode = FALSE
	EndGlobalSection
	GlobalSection(ExtensibilityGlobals) = postSolution
		SolutionGuid = {E6654368-9141-4844-AACE-85F21F228CB2}
	EndGlobalSection
EndGlobal
